
Microsoft Visual Studio Solution File, Format Version 12.00
# Visual Studio Version 17
VisualStudioVersion = 17.12.35707.178
MinimumVisualStudioVersion = 10.0.40219.1
Project("{2150E333-8FDC-42A3-9474-1A3956D46DE8}") = "Gateway", "Gateway", "{7B831302-194F-49F3-AC19-D238E209FF2B}"
EndProject
Project("{2150E333-8FDC-42A3-9474-1A3956D46DE8}") = "Integration", "Integration", "{819DEAA4-98F7-414D-8D22-515B4294E6C4}"
EndProject
Project("{2150E333-8FDC-42A3-9474-1A3956D46DE8}") = "Services", "Services", "{FDF89723-164A-4E6B-A69E-84B00914A187}"
EndProject
Project("{FAE04EC0-301F-11D3-BF4B-00C04F79EFBC}") = "Auth", "Auth\Auth.csproj", "{CBD96B03-9521-42C4-910C-A1DF4941DD71}"
EndProject
Project("{FAE04EC0-301F-11D3-BF4B-00C04F79EFBC}") = "Post", "Post\Post.csproj", "{14A9768F-AB41-4671-A7D6-29F50D4815E2}"
EndProject
Project("{FAE04EC0-301F-11D3-BF4B-00C04F79EFBC}") = "Comment", "Comment\Comment.csproj", "{6BD65F66-FCC2-4A09-BA48-683BEF76EA6B}"
EndProject
Project("{FAE04EC0-301F-11D3-BF4B-00C04F79EFBC}") = "Image", "Image\Image.csproj", "{EA6C6E1F-3A42-4676-8CB4-C296C828D650}"
EndProject
Project("{FAE04EC0-301F-11D3-BF4B-00C04F79EFBC}") = "Vote", "Vote\Vote.csproj", "{F6C8F56B-8609-4B44-9AD3-B1BD4434A43C}"
EndProject
Project("{FAE04EC0-301F-11D3-BF4B-00C04F79EFBC}") = "User", "User\User.csproj", "{AB813263-8889-46FC-8859-9306D349FB43}"
EndProject
Global
	GlobalSection(SolutionConfigurationPlatforms) = preSolution
		Debug|Any CPU = Debug|Any CPU
		Release|Any CPU = Release|Any CPU
	EndGlobalSection
	GlobalSection(ProjectConfigurationPlatforms) = postSolution
		{CBD96B03-9521-42C4-910C-A1DF4941DD71}.Debug|Any CPU.ActiveCfg = Debug|Any CPU
		{CBD96B03-9521-42C4-910C-A1DF4941DD71}.Debug|Any CPU.Build.0 = Debug|Any CPU
		{CBD96B03-9521-42C4-910C-A1DF4941DD71}.Release|Any CPU.ActiveCfg = Release|Any CPU
		{CBD96B03-9521-42C4-910C-A1DF4941DD71}.Release|Any CPU.Build.0 = Release|Any CPU
		{14A9768F-AB41-4671-A7D6-29F50D4815E2}.Debug|Any CPU.ActiveCfg = Debug|Any CPU
		{14A9768F-AB41-4671-A7D6-29F50D4815E2}.Debug|Any CPU.Build.0 = Debug|Any CPU
		{14A9768F-AB41-4671-A7D6-29F50D4815E2}.Release|Any CPU.ActiveCfg = Release|Any CPU
		{14A9768F-AB41-4671-A7D6-29F50D4815E2}.Release|Any CPU.Build.0 = Release|Any CPU
		{6BD65F66-FCC2-4A09-BA48-683BEF76EA6B}.Debug|Any CPU.ActiveCfg = Debug|Any CPU
		{6BD65F66-FCC2-4A09-BA48-683BEF76EA6B}.Debug|Any CPU.Build.0 = Debug|Any CPU
		{6BD65F66-FCC2-4A09-BA48-683BEF76EA6B}.Release|Any CPU.ActiveCfg = Release|Any CPU
		{6BD65F66-FCC2-4A09-BA48-683BEF76EA6B}.Release|Any CPU.Build.0 = Release|Any CPU
		{EA6C6E1F-3A42-4676-8CB4-C296C828D650}.Debug|Any CPU.ActiveCfg = Debug|Any CPU
		{EA6C6E1F-3A42-4676-8CB4-C296C828D650}.Debug|Any CPU.Build.0 = Debug|Any CPU
		{EA6C6E1F-3A42-4676-8CB4-C296C828D650}.Release|Any CPU.ActiveCfg = Release|Any CPU
		{EA6C6E1F-3A42-4676-8CB4-C296C828D650}.Release|Any CPU.Build.0 = Release|Any CPU
		{F6C8F56B-8609-4B44-9AD3-B1BD4434A43C}.Debug|Any CPU.ActiveCfg = Debug|Any CPU
		{F6C8F56B-8609-4B44-9AD3-B1BD4434A43C}.Debug|Any CPU.Build.0 = Debug|Any CPU
		{F6C8F56B-8609-4B44-9AD3-B1BD4434A43C}.Release|Any CPU.ActiveCfg = Release|Any CPU
		{F6C8F56B-8609-4B44-9AD3-B1BD4434A43C}.Release|Any CPU.Build.0 = Release|Any CPU
		{AB813263-8889-46FC-8859-9306D349FB43}.Debug|Any CPU.ActiveCfg = Debug|Any CPU
		{AB813263-8889-46FC-8859-9306D349FB43}.Debug|Any CPU.Build.0 = Debug|Any CPU
		{AB813263-8889-46FC-8859-9306D349FB43}.Release|Any CPU.ActiveCfg = Release|Any CPU
		{AB813263-8889-46FC-8859-9306D349FB43}.Release|Any CPU.Build.0 = Release|Any CPU
	EndGlobalSection
	GlobalSection(SolutionProperties) = preSolution
		HideSolutionNode = FALSE
	EndGlobalSection
	GlobalSection(NestedProjects) = preSolution
		{CBD96B03-9521-42C4-910C-A1DF4941DD71} = {FDF89723-164A-4E6B-A69E-84B00914A187}
		{14A9768F-AB41-4671-A7D6-29F50D4815E2} = {FDF89723-164A-4E6B-A69E-84B00914A187}
		{6BD65F66-FCC2-4A09-BA48-683BEF76EA6B} = {FDF89723-164A-4E6B-A69E-84B00914A187}
		{EA6C6E1F-3A42-4676-8CB4-C296C828D650} = {FDF89723-164A-4E6B-A69E-84B00914A187}
		{F6C8F56B-8609-4B44-9AD3-B1BD4434A43C} = {FDF89723-164A-4E6B-A69E-84B00914A187}
		{AB813263-8889-46FC-8859-9306D349FB43} = {FDF89723-164A-4E6B-A69E-84B00914A187}
	EndGlobalSection
EndGlobal
